// !$*UTF8*$!
{
	archiveVersion = 1;
	classes = {
	};
	objectVersion = 50;
	objects = {

/* Begin PBXBuildFile section */
		1409D1E0244959850053CFA4 /* GPUImageTwoInputFilter.m in Sources */ = {isa = PBXBuildFile; fileRef = 1409D1BE244959850053CFA4 /* GPUImageTwoInputFilter.m */; };
		1409D1E1244959850053CFA4 /* GPUImageMovie.m in Sources */ = {isa = PBXBuildFile; fileRef = 1409D1BF244959850053CFA4 /* GPUImageMovie.m */; };
		1409D1E2244959850053CFA4 /* GLProgram.m in Sources */ = {isa = PBXBuildFile; fileRef = 1409D1C1244959850053CFA4 /* GLProgram.m */; };
		1409D1E3244959850053CFA4 /* GPUImageOutput.m in Sources */ = {isa = PBXBuildFile; fileRef = 1409D1C2244959850053CFA4 /* GPUImageOutput.m */; };
		1409D1E4244959850053CFA4 /* GPUImageFramebuffer.m in Sources */ = {isa = PBXBuildFile; fileRef = 1409D1C3244959850053CFA4 /* GPUImageFramebuffer.m */; };
		1409D1E5244959850053CFA4 /* GPUImageFramebufferCache.m in Sources */ = {isa = PBXBuildFile; fileRef = 1409D1C6244959850053CFA4 /* GPUImageFramebufferCache.m */; };
		1409D1E6244959850053CFA4 /* GPUImageContext.m in Sources */ = {isa = PBXBuildFile; fileRef = 1409D1C9244959850053CFA4 /* GPUImageContext.m */; };
		1409D1E7244959850053CFA4 /* GPUImageMovieWriter.m in Sources */ = {isa = PBXBuildFile; fileRef = 1409D1CA244959850053CFA4 /* GPUImageMovieWriter.m */; };
		1409D1E8244959850053CFA4 /* GPUImagePicture.m in Sources */ = {isa = PBXBuildFile; fileRef = 1409D1CB244959850053CFA4 /* GPUImagePicture.m */; };
		1409D1E9244959850053CFA4 /* GPUImagePicture+TextureSubimage.m in Sources */ = {isa = PBXBuildFile; fileRef = 1409D1CC244959850053CFA4 /* GPUImagePicture+TextureSubimage.m */; };
		1409D1EA244959850053CFA4 /* GPUImageView.m in Sources */ = {isa = PBXBuildFile; fileRef = 1409D1CE244959850053CFA4 /* GPUImageView.m */; };
		1409D1EB244959850053CFA4 /* GPUImageColorConversion.m in Sources */ = {isa = PBXBuildFile; fileRef = 1409D1D3244959850053CFA4 /* GPUImageColorConversion.m */; };
		1409D1EC244959850053CFA4 /* GPUImageRawDataOutput.m in Sources */ = {isa = PBXBuildFile; fileRef = 1409D1D4244959850053CFA4 /* GPUImageRawDataOutput.m */; };
		1409D1ED244959850053CFA4 /* GPUImageMovieComposition.m in Sources */ = {isa = PBXBuildFile; fileRef = 1409D1D5244959850053CFA4 /* GPUImageMovieComposition.m */; };
		1409D1EE244959850053CFA4 /* GPUImageBuffer.m in Sources */ = {isa = PBXBuildFile; fileRef = 1409D1D6244959850053CFA4 /* GPUImageBuffer.m */; };
		1409D1EF244959850053CFA4 /* GPUImageRawDataInput.m in Sources */ = {isa = PBXBuildFile; fileRef = 1409D1D7244959850053CFA4 /* GPUImageRawDataInput.m */; };
		1409D1F0244959850053CFA4 /* GPUImageLookupFilter.m in Sources */ = {isa = PBXBuildFile; fileRef = 1409D1DB244959850053CFA4 /* GPUImageLookupFilter.m */; };
		1409D1F1244959850053CFA4 /* GPUImageFilter.m in Sources */ = {isa = PBXBuildFile; fileRef = 1409D1DD244959850053CFA4 /* GPUImageFilter.m */; };
		1409D1F4244959D40053CFA4 /* GPUImageFramebuffer+BBZ.m in Sources */ = {isa = PBXBuildFile; fileRef = 1409D1F3244959D40053CFA4 /* GPUImageFramebuffer+BBZ.m */; };
		1426D6FA243D82BD008BEB86 /* AppDelegate.m in Sources */ = {isa = PBXBuildFile; fileRef = 1426D6F9243D82BD008BEB86 /* AppDelegate.m */; };
		1426D6FD243D82BD008BEB86 /* ViewController.m in Sources */ = {isa = PBXBuildFile; fileRef = 1426D6FC243D82BD008BEB86 /* ViewController.m */; };
		1426D702243D82BE008BEB86 /* Assets.xcassets in Resources */ = {isa = PBXBuildFile; fileRef = 1426D701243D82BE008BEB86 /* Assets.xcassets */; };
		1426D705243D82BE008BEB86 /* LaunchScreen.storyboard in Resources */ = {isa = PBXBuildFile; fileRef = 1426D703243D82BE008BEB86 /* LaunchScreen.storyboard */; };
		1426D708243D82BE008BEB86 /* main.m in Sources */ = {isa = PBXBuildFile; fileRef = 1426D707243D82BE008BEB86 /* main.m */; };
		1426D716243D90B9008BEB86 /* HomeTableViewController.m in Sources */ = {isa = PBXBuildFile; fileRef = 1426D715243D90B9008BEB86 /* HomeTableViewController.m */; };
		1431FA1124495E5000AA2F65 /* BBZMultiImageFilter.m in Sources */ = {isa = PBXBuildFile; fileRef = 1431FA1024495E5000AA2F65 /* BBZMultiImageFilter.m */; };
		1431FA24244B585B00AA2F65 /* BBZBaseAsset.m in Sources */ = {isa = PBXBuildFile; fileRef = 1431FA23244B585B00AA2F65 /* BBZBaseAsset.m */; };
		1431FA27244B58A400AA2F65 /* BBZVideoAsset.m in Sources */ = {isa = PBXBuildFile; fileRef = 1431FA26244B58A400AA2F65 /* BBZVideoAsset.m */; };
		1431FA2A244B58B300AA2F65 /* BBZImageAsset.m in Sources */ = {isa = PBXBuildFile; fileRef = 1431FA29244B58B300AA2F65 /* BBZImageAsset.m */; };
		1431FA2D244B58C100AA2F65 /* BBZAudioAsset.m in Sources */ = {isa = PBXBuildFile; fileRef = 1431FA2C244B58C100AA2F65 /* BBZAudioAsset.m */; };
		1431FA30244B5AC700AA2F65 /* AVFoundation.framework in Frameworks */ = {isa = PBXBuildFile; fileRef = 1431FA2F244B5AC700AA2F65 /* AVFoundation.framework */; };
		1431FA32244B5ACD00AA2F65 /* OpenGLES.framework in Frameworks */ = {isa = PBXBuildFile; fileRef = 1431FA31244B5ACD00AA2F65 /* OpenGLES.framework */; };
		1431FA34244B5ADA00AA2F65 /* Photos.framework in Frameworks */ = {isa = PBXBuildFile; fileRef = 1431FA33244B5ADA00AA2F65 /* Photos.framework */; };
		1431FA36244B5B0100AA2F65 /* VideoToolbox.framework in Frameworks */ = {isa = PBXBuildFile; fileRef = 1431FA35244B5B0100AA2F65 /* VideoToolbox.framework */; };
		1431FA38244B5B0A00AA2F65 /* Foundation.framework in Frameworks */ = {isa = PBXBuildFile; fileRef = 1431FA37244B5B0A00AA2F65 /* Foundation.framework */; };
		1431FA3A244B5B0F00AA2F65 /* UIKit.framework in Frameworks */ = {isa = PBXBuildFile; fileRef = 1431FA39244B5B0F00AA2F65 /* UIKit.framework */; };
		1431FA3C244B5B1D00AA2F65 /* AudioToolbox.framework in Frameworks */ = {isa = PBXBuildFile; fileRef = 1431FA3B244B5B1D00AA2F65 /* AudioToolbox.framework */; };
		1431FA40244B717600AA2F65 /* BBZPhotoKit.m in Sources */ = {isa = PBXBuildFile; fileRef = 1431FA3F244B717600AA2F65 /* BBZPhotoKit.m */; };
		1431FA43244B71EF00AA2F65 /* NSError+BBZ.m in Sources */ = {isa = PBXBuildFile; fileRef = 1431FA42244B71EF00AA2F65 /* NSError+BBZ.m */; };
		1431FA46244B731E00AA2F65 /* BBZErrorMonitor.m in Sources */ = {isa = PBXBuildFile; fileRef = 1431FA45244B731E00AA2F65 /* BBZErrorMonitor.m */; };
		1431FA4C244B736400AA2F65 /* README.markdown in Resources */ = {isa = PBXBuildFile; fileRef = 1431FA4A244B736400AA2F65 /* README.markdown */; };
		1431FA4D244B736400AA2F65 /* JRSwizzle.m in Sources */ = {isa = PBXBuildFile; fileRef = 1431FA4B244B736400AA2F65 /* JRSwizzle.m */; };
		1431FA50244C98F000AA2F65 /* BBZVideoTools.m in Sources */ = {isa = PBXBuildFile; fileRef = 1431FA4F244C98F000AA2F65 /* BBZVideoTools.m */; };
		1431FA53244C994700AA2F65 /* BBZAVAssetExportSession.m in Sources */ = {isa = PBXBuildFile; fileRef = 1431FA52244C994700AA2F65 /* BBZAVAssetExportSession.m */; };
		1431FA56244CB75D00AA2F65 /* NSFileManager+BBZTools.m in Sources */ = {isa = PBXBuildFile; fileRef = 1431FA55244CB75D00AA2F65 /* NSFileManager+BBZTools.m */; };
		1431FA5D244D7AA000AA2F65 /* BBZEngineSetting.m in Sources */ = {isa = PBXBuildFile; fileRef = 1431FA5C244D7AA000AA2F65 /* BBZEngineSetting.m */; };
		1431FA63244D804F00AA2F65 /* UIDevice+BBZ.m in Sources */ = {isa = PBXBuildFile; fileRef = 1431FA62244D804F00AA2F65 /* UIDevice+BBZ.m */; };
		1431FA66244D8E3000AA2F65 /* BBZVideoModel.m in Sources */ = {isa = PBXBuildFile; fileRef = 1431FA65244D8E3000AA2F65 /* BBZVideoModel.m */; };
		1431FA6E244D930900AA2F65 /* IMG_7315.MOV in Resources */ = {isa = PBXBuildFile; fileRef = 1431FA68244D930900AA2F65 /* IMG_7315.MOV */; };
		1431FA6F244D930900AA2F65 /* IMG_7316.MOV in Resources */ = {isa = PBXBuildFile; fileRef = 1431FA69244D930900AA2F65 /* IMG_7316.MOV */; };
		1431FA70244D930900AA2F65 /* IMG3.MOV in Resources */ = {isa = PBXBuildFile; fileRef = 1431FA6A244D930900AA2F65 /* IMG3.MOV */; };
		1431FA71244D930900AA2F65 /* IMG2.MOV in Resources */ = {isa = PBXBuildFile; fileRef = 1431FA6B244D930900AA2F65 /* IMG2.MOV */; };
		1431FA72244D930900AA2F65 /* IMG_7317.HEIC in Resources */ = {isa = PBXBuildFile; fileRef = 1431FA6C244D930900AA2F65 /* IMG_7317.HEIC */; };
		1431FA73244D930900AA2F65 /* hengping.mp4 in Resources */ = {isa = PBXBuildFile; fileRef = 1431FA6D244D930900AA2F65 /* hengping.mp4 */; };
		1431FA78244D93FA00AA2F65 /* IMG_7306.HEIC in Resources */ = {isa = PBXBuildFile; fileRef = 1431FA74244D93FA00AA2F65 /* IMG_7306.HEIC */; };
		1431FA79244D93FA00AA2F65 /* IMG_7311.HEIC in Resources */ = {isa = PBXBuildFile; fileRef = 1431FA75244D93FA00AA2F65 /* IMG_7311.HEIC */; };
		1431FA7A244D93FA00AA2F65 /* IMG_7312.HEIC in Resources */ = {isa = PBXBuildFile; fileRef = 1431FA76244D93FA00AA2F65 /* IMG_7312.HEIC */; };
		1431FA7B244D93FA00AA2F65 /* IMG_7305.HEIC in Resources */ = {isa = PBXBuildFile; fileRef = 1431FA77244D93FA00AA2F65 /* IMG_7305.HEIC */; };
		1431FA7E244D981900AA2F65 /* BBZTransitionModel.m in Sources */ = {isa = PBXBuildFile; fileRef = 1431FA7D244D981900AA2F65 /* BBZTransitionModel.m */; };
		1431FA82244D9F3300AA2F65 /* BBZCompositonDirector.m in Sources */ = {isa = PBXBuildFile; fileRef = 1431FA81244D9F3300AA2F65 /* BBZCompositonDirector.m */; };
		1431FA85244D9F9D00AA2F65 /* BBZSchedule.m in Sources */ = {isa = PBXBuildFile; fileRef = 1431FA84244D9F9D00AA2F65 /* BBZSchedule.m */; };
		1431FA88244D9FB300AA2F65 /* BBZNode.m in Sources */ = {isa = PBXBuildFile; fileRef = 1431FA87244D9FB300AA2F65 /* BBZNode.m */; };
		1431FA8B244DA21900AA2F65 /* BBZFilterLayer.m in Sources */ = {isa = PBXBuildFile; fileRef = 1431FA8A244DA21800AA2F65 /* BBZFilterLayer.m */; };
		1431FA8E244DA23A00AA2F65 /* BBZFilterMixer.m in Sources */ = {isa = PBXBuildFile; fileRef = 1431FA8D244DA23A00AA2F65 /* BBZFilterMixer.m */; };
		1431FA91244DA3CD00AA2F65 /* BBZFilterAction.m in Sources */ = {isa = PBXBuildFile; fileRef = 1431FA90244DA3CD00AA2F65 /* BBZFilterAction.m */; };
		1431FA94244DA3F000AA2F65 /* BBZActionMixer.m in Sources */ = {isa = PBXBuildFile; fileRef = 1431FA93244DA3F000AA2F65 /* BBZActionMixer.m */; };
		1431FA97244DA42800AA2F65 /* BBZActionTree.m in Sources */ = {isa = PBXBuildFile; fileRef = 1431FA96244DA42800AA2F65 /* BBZActionTree.m */; };
		1431FA9A244DA4AC00AA2F65 /* BBZAction.m in Sources */ = {isa = PBXBuildFile; fileRef = 1431FA99244DA4AC00AA2F65 /* BBZAction.m */; };
		1431FA9D244DB5C700AA2F65 /* BBZTask.m in Sources */ = {isa = PBXBuildFile; fileRef = 1431FA9C244DB5C700AA2F65 /* BBZTask.m */; };
		1431FAA0244DB5D900AA2F65 /* BBZExportTask.m in Sources */ = {isa = PBXBuildFile; fileRef = 1431FA9F244DB5D900AA2F65 /* BBZExportTask.m */; };
/* End PBXBuildFile section */

/* Begin PBXFileReference section */
		1409D1BA244959850053CFA4 /* GPUImageBuffer.h */ = {isa = PBXFileReference; fileEncoding = 4; lastKnownFileType = sourcecode.c.h; path = GPUImageBuffer.h; sourceTree = "<group>"; };
		1409D1BB244959850053CFA4 /* GPUImageMovieComposition.h */ = {isa = PBXFileReference; fileEncoding = 4; lastKnownFileType = sourcecode.c.h; path = GPUImageMovieComposition.h; sourceTree = "<group>"; };
		1409D1BC244959850053CFA4 /* GPUImageRawDataOutput.h */ = {isa = PBXFileReference; fileEncoding = 4; lastKnownFileType = sourcecode.c.h; path = GPUImageRawDataOutput.h; sourceTree = "<group>"; };
		1409D1BD244959850053CFA4 /* GPUImageColorConversion.h */ = {isa = PBXFileReference; fileEncoding = 4; lastKnownFileType = sourcecode.c.h; path = GPUImageColorConversion.h; sourceTree = "<group>"; };
		1409D1BE244959850053CFA4 /* GPUImageTwoInputFilter.m */ = {isa = PBXFileReference; fileEncoding = 4; lastKnownFileType = sourcecode.c.objc; path = GPUImageTwoInputFilter.m; sourceTree = "<group>"; };
		1409D1BF244959850053CFA4 /* GPUImageMovie.m */ = {isa = PBXFileReference; fileEncoding = 4; lastKnownFileType = sourcecode.c.objc; path = GPUImageMovie.m; sourceTree = "<group>"; };
		1409D1C0244959850053CFA4 /* GPUImageRawDataInput.h */ = {isa = PBXFileReference; fileEncoding = 4; lastKnownFileType = sourcecode.c.h; path = GPUImageRawDataInput.h; sourceTree = "<group>"; };
		1409D1C1244959850053CFA4 /* GLProgram.m */ = {isa = PBXFileReference; fileEncoding = 4; lastKnownFileType = sourcecode.c.objc; path = GLProgram.m; sourceTree = "<group>"; };
		1409D1C2244959850053CFA4 /* GPUImageOutput.m */ = {isa = PBXFileReference; fileEncoding = 4; lastKnownFileType = sourcecode.c.objc; path = GPUImageOutput.m; sourceTree = "<group>"; };
		1409D1C3244959850053CFA4 /* GPUImageFramebuffer.m */ = {isa = PBXFileReference; fileEncoding = 4; lastKnownFileType = sourcecode.c.objc; path = GPUImageFramebuffer.m; sourceTree = "<group>"; };
		1409D1C4244959850053CFA4 /* GPUImageFilter.h */ = {isa = PBXFileReference; fileEncoding = 4; lastKnownFileType = sourcecode.c.h; path = GPUImageFilter.h; sourceTree = "<group>"; };
		1409D1C5244959850053CFA4 /* GPUImageLookupFilter.h */ = {isa = PBXFileReference; fileEncoding = 4; lastKnownFileType = sourcecode.c.h; path = GPUImageLookupFilter.h; sourceTree = "<group>"; };
		1409D1C6244959850053CFA4 /* GPUImageFramebufferCache.m */ = {isa = PBXFileReference; fileEncoding = 4; lastKnownFileType = sourcecode.c.objc; path = GPUImageFramebufferCache.m; sourceTree = "<group>"; };
		1409D1C8244959850053CFA4 /* GPUImageView.h */ = {isa = PBXFileReference; fileEncoding = 4; lastKnownFileType = sourcecode.c.h; path = GPUImageView.h; sourceTree = "<group>"; };
		1409D1C9244959850053CFA4 /* GPUImageContext.m */ = {isa = PBXFileReference; fileEncoding = 4; lastKnownFileType = sourcecode.c.objc; path = GPUImageContext.m; sourceTree = "<group>"; };
		1409D1CA244959850053CFA4 /* GPUImageMovieWriter.m */ = {isa = PBXFileReference; fileEncoding = 4; lastKnownFileType = sourcecode.c.objc; path = GPUImageMovieWriter.m; sourceTree = "<group>"; };
		1409D1CB244959850053CFA4 /* GPUImagePicture.m */ = {isa = PBXFileReference; fileEncoding = 4; lastKnownFileType = sourcecode.c.objc; path = GPUImagePicture.m; sourceTree = "<group>"; };
		1409D1CC244959850053CFA4 /* GPUImagePicture+TextureSubimage.m */ = {isa = PBXFileReference; fileEncoding = 4; lastKnownFileType = sourcecode.c.objc; path = "GPUImagePicture+TextureSubimage.m"; sourceTree = "<group>"; };
		1409D1CD244959850053CFA4 /* GPUImageContext.h */ = {isa = PBXFileReference; fileEncoding = 4; lastKnownFileType = sourcecode.c.h; path = GPUImageContext.h; sourceTree = "<group>"; };
		1409D1CE244959850053CFA4 /* GPUImageView.m */ = {isa = PBXFileReference; fileEncoding = 4; lastKnownFileType = sourcecode.c.objc; path = GPUImageView.m; sourceTree = "<group>"; };
		1409D1CF244959850053CFA4 /* GPUImageMovieWriter.h */ = {isa = PBXFileReference; fileEncoding = 4; lastKnownFileType = sourcecode.c.h; path = GPUImageMovieWriter.h; sourceTree = "<group>"; };
		1409D1D0244959850053CFA4 /* GPUImagePicture.h */ = {isa = PBXFileReference; fileEncoding = 4; lastKnownFileType = sourcecode.c.h; path = GPUImagePicture.h; sourceTree = "<group>"; };
		1409D1D1244959850053CFA4 /* GPUImagePicture+TextureSubimage.h */ = {isa = PBXFileReference; fileEncoding = 4; lastKnownFileType = sourcecode.c.h; path = "GPUImagePicture+TextureSubimage.h"; sourceTree = "<group>"; };
		1409D1D2244959850053CFA4 /* GPUImageTwoInputFilter.h */ = {isa = PBXFileReference; fileEncoding = 4; lastKnownFileType = sourcecode.c.h; path = GPUImageTwoInputFilter.h; sourceTree = "<group>"; };
		1409D1D3244959850053CFA4 /* GPUImageColorConversion.m */ = {isa = PBXFileReference; fileEncoding = 4; lastKnownFileType = sourcecode.c.objc; path = GPUImageColorConversion.m; sourceTree = "<group>"; };
		1409D1D4244959850053CFA4 /* GPUImageRawDataOutput.m */ = {isa = PBXFileReference; fileEncoding = 4; lastKnownFileType = sourcecode.c.objc; path = GPUImageRawDataOutput.m; sourceTree = "<group>"; };
		1409D1D5244959850053CFA4 /* GPUImageMovieComposition.m */ = {isa = PBXFileReference; fileEncoding = 4; lastKnownFileType = sourcecode.c.objc; path = GPUImageMovieComposition.m; sourceTree = "<group>"; };
		1409D1D6244959850053CFA4 /* GPUImageBuffer.m */ = {isa = PBXFileReference; fileEncoding = 4; lastKnownFileType = sourcecode.c.objc; path = GPUImageBuffer.m; sourceTree = "<group>"; };
		1409D1D7244959850053CFA4 /* GPUImageRawDataInput.m */ = {isa = PBXFileReference; fileEncoding = 4; lastKnownFileType = sourcecode.c.objc; path = GPUImageRawDataInput.m; sourceTree = "<group>"; };
		1409D1D8244959850053CFA4 /* GPUImageMovie.h */ = {isa = PBXFileReference; fileEncoding = 4; lastKnownFileType = sourcecode.c.h; path = GPUImageMovie.h; sourceTree = "<group>"; };
		1409D1D9244959850053CFA4 /* GPUImageFramebufferCache.h */ = {isa = PBXFileReference; fileEncoding = 4; lastKnownFileType = sourcecode.c.h; path = GPUImageFramebufferCache.h; sourceTree = "<group>"; };
		1409D1DA244959850053CFA4 /* GPUImage.h */ = {isa = PBXFileReference; fileEncoding = 4; lastKnownFileType = sourcecode.c.h; path = GPUImage.h; sourceTree = "<group>"; };
		1409D1DB244959850053CFA4 /* GPUImageLookupFilter.m */ = {isa = PBXFileReference; fileEncoding = 4; lastKnownFileType = sourcecode.c.objc; path = GPUImageLookupFilter.m; sourceTree = "<group>"; };
		1409D1DC244959850053CFA4 /* GPUImageFramebuffer.h */ = {isa = PBXFileReference; fileEncoding = 4; lastKnownFileType = sourcecode.c.h; path = GPUImageFramebuffer.h; sourceTree = "<group>"; };
		1409D1DD244959850053CFA4 /* GPUImageFilter.m */ = {isa = PBXFileReference; fileEncoding = 4; lastKnownFileType = sourcecode.c.objc; path = GPUImageFilter.m; sourceTree = "<group>"; };
		1409D1DE244959850053CFA4 /* GPUImageOutput.h */ = {isa = PBXFileReference; fileEncoding = 4; lastKnownFileType = sourcecode.c.h; path = GPUImageOutput.h; sourceTree = "<group>"; };
		1409D1DF244959850053CFA4 /* GLProgram.h */ = {isa = PBXFileReference; fileEncoding = 4; lastKnownFileType = sourcecode.c.h; path = GLProgram.h; sourceTree = "<group>"; };
		1409D1F2244959D40053CFA4 /* GPUImageFramebuffer+BBZ.h */ = {isa = PBXFileReference; lastKnownFileType = sourcecode.c.h; path = "GPUImageFramebuffer+BBZ.h"; sourceTree = "<group>"; };
		1409D1F3244959D40053CFA4 /* GPUImageFramebuffer+BBZ.m */ = {isa = PBXFileReference; lastKnownFileType = sourcecode.c.objc; path = "GPUImageFramebuffer+BBZ.m"; sourceTree = "<group>"; };
		1426D6F5243D82BD008BEB86 /* BBZVideoEngine.app */ = {isa = PBXFileReference; explicitFileType = wrapper.application; includeInIndex = 0; path = BBZVideoEngine.app; sourceTree = BUILT_PRODUCTS_DIR; };
		1426D6F8243D82BD008BEB86 /* AppDelegate.h */ = {isa = PBXFileReference; lastKnownFileType = sourcecode.c.h; path = AppDelegate.h; sourceTree = "<group>"; };
		1426D6F9243D82BD008BEB86 /* AppDelegate.m */ = {isa = PBXFileReference; lastKnownFileType = sourcecode.c.objc; path = AppDelegate.m; sourceTree = "<group>"; };
		1426D6FB243D82BD008BEB86 /* ViewController.h */ = {isa = PBXFileReference; lastKnownFileType = sourcecode.c.h; path = ViewController.h; sourceTree = "<group>"; };
		1426D6FC243D82BD008BEB86 /* ViewController.m */ = {isa = PBXFileReference; lastKnownFileType = sourcecode.c.objc; path = ViewController.m; sourceTree = "<group>"; };
		1426D701243D82BE008BEB86 /* Assets.xcassets */ = {isa = PBXFileReference; lastKnownFileType = folder.assetcatalog; path = Assets.xcassets; sourceTree = "<group>"; };
		1426D704243D82BE008BEB86 /* Base */ = {isa = PBXFileReference; lastKnownFileType = file.storyboard; name = Base; path = Base.lproj/LaunchScreen.storyboard; sourceTree = "<group>"; };
		1426D706243D82BE008BEB86 /* Info.plist */ = {isa = PBXFileReference; lastKnownFileType = text.plist.xml; path = Info.plist; sourceTree = "<group>"; };
		1426D707243D82BE008BEB86 /* main.m */ = {isa = PBXFileReference; lastKnownFileType = sourcecode.c.objc; path = main.m; sourceTree = "<group>"; };
		1426D714243D90B9008BEB86 /* HomeTableViewController.h */ = {isa = PBXFileReference; lastKnownFileType = sourcecode.c.h; path = HomeTableViewController.h; sourceTree = "<group>"; };
		1426D715243D90B9008BEB86 /* HomeTableViewController.m */ = {isa = PBXFileReference; lastKnownFileType = sourcecode.c.objc; path = HomeTableViewController.m; sourceTree = "<group>"; };
		1431FA0F24495E5000AA2F65 /* BBZMultiImageFilter.h */ = {isa = PBXFileReference; lastKnownFileType = sourcecode.c.h; path = BBZMultiImageFilter.h; sourceTree = "<group>"; };
		1431FA1024495E5000AA2F65 /* BBZMultiImageFilter.m */ = {isa = PBXFileReference; lastKnownFileType = sourcecode.c.objc; path = BBZMultiImageFilter.m; sourceTree = "<group>"; };
		1431FA22244B585B00AA2F65 /* BBZBaseAsset.h */ = {isa = PBXFileReference; lastKnownFileType = sourcecode.c.h; path = BBZBaseAsset.h; sourceTree = "<group>"; };
		1431FA23244B585B00AA2F65 /* BBZBaseAsset.m */ = {isa = PBXFileReference; lastKnownFileType = sourcecode.c.objc; path = BBZBaseAsset.m; sourceTree = "<group>"; };
		1431FA25244B58A400AA2F65 /* BBZVideoAsset.h */ = {isa = PBXFileReference; lastKnownFileType = sourcecode.c.h; path = BBZVideoAsset.h; sourceTree = "<group>"; };
		1431FA26244B58A400AA2F65 /* BBZVideoAsset.m */ = {isa = PBXFileReference; lastKnownFileType = sourcecode.c.objc; path = BBZVideoAsset.m; sourceTree = "<group>"; };
		1431FA28244B58B300AA2F65 /* BBZImageAsset.h */ = {isa = PBXFileReference; lastKnownFileType = sourcecode.c.h; path = BBZImageAsset.h; sourceTree = "<group>"; };
		1431FA29244B58B300AA2F65 /* BBZImageAsset.m */ = {isa = PBXFileReference; lastKnownFileType = sourcecode.c.objc; path = BBZImageAsset.m; sourceTree = "<group>"; };
		1431FA2B244B58C100AA2F65 /* BBZAudioAsset.h */ = {isa = PBXFileReference; lastKnownFileType = sourcecode.c.h; path = BBZAudioAsset.h; sourceTree = "<group>"; };
		1431FA2C244B58C100AA2F65 /* BBZAudioAsset.m */ = {isa = PBXFileReference; lastKnownFileType = sourcecode.c.objc; path = BBZAudioAsset.m; sourceTree = "<group>"; };
		1431FA2F244B5AC700AA2F65 /* AVFoundation.framework */ = {isa = PBXFileReference; lastKnownFileType = wrapper.framework; name = AVFoundation.framework; path = System/Library/Frameworks/AVFoundation.framework; sourceTree = SDKROOT; };
		1431FA31244B5ACD00AA2F65 /* OpenGLES.framework */ = {isa = PBXFileReference; lastKnownFileType = wrapper.framework; name = OpenGLES.framework; path = System/Library/Frameworks/OpenGLES.framework; sourceTree = SDKROOT; };
		1431FA33244B5ADA00AA2F65 /* Photos.framework */ = {isa = PBXFileReference; lastKnownFileType = wrapper.framework; name = Photos.framework; path = System/Library/Frameworks/Photos.framework; sourceTree = SDKROOT; };
		1431FA35244B5B0100AA2F65 /* VideoToolbox.framework */ = {isa = PBXFileReference; lastKnownFileType = wrapper.framework; name = VideoToolbox.framework; path = System/Library/Frameworks/VideoToolbox.framework; sourceTree = SDKROOT; };
		1431FA37244B5B0A00AA2F65 /* Foundation.framework */ = {isa = PBXFileReference; lastKnownFileType = wrapper.framework; name = Foundation.framework; path = System/Library/Frameworks/Foundation.framework; sourceTree = SDKROOT; };
		1431FA39244B5B0F00AA2F65 /* UIKit.framework */ = {isa = PBXFileReference; lastKnownFileType = wrapper.framework; name = UIKit.framework; path = System/Library/Frameworks/UIKit.framework; sourceTree = SDKROOT; };
		1431FA3B244B5B1D00AA2F65 /* AudioToolbox.framework */ = {isa = PBXFileReference; lastKnownFileType = wrapper.framework; name = AudioToolbox.framework; path = System/Library/Frameworks/AudioToolbox.framework; sourceTree = SDKROOT; };
		1431FA3D244B68D700AA2F65 /* BBZVideoEngine-prefix.pch */ = {isa = PBXFileReference; lastKnownFileType = sourcecode.c.h; path = "BBZVideoEngine-prefix.pch"; sourceTree = "<group>"; };
		1431FA3E244B717600AA2F65 /* BBZPhotoKit.h */ = {isa = PBXFileReference; lastKnownFileType = sourcecode.c.h; path = BBZPhotoKit.h; sourceTree = "<group>"; };
		1431FA3F244B717600AA2F65 /* BBZPhotoKit.m */ = {isa = PBXFileReference; lastKnownFileType = sourcecode.c.objc; path = BBZPhotoKit.m; sourceTree = "<group>"; };
		1431FA41244B71EF00AA2F65 /* NSError+BBZ.h */ = {isa = PBXFileReference; lastKnownFileType = sourcecode.c.h; path = "NSError+BBZ.h"; sourceTree = "<group>"; };
		1431FA42244B71EF00AA2F65 /* NSError+BBZ.m */ = {isa = PBXFileReference; lastKnownFileType = sourcecode.c.objc; path = "NSError+BBZ.m"; sourceTree = "<group>"; };
		1431FA44244B731E00AA2F65 /* BBZErrorMonitor.h */ = {isa = PBXFileReference; lastKnownFileType = sourcecode.c.h; path = BBZErrorMonitor.h; sourceTree = "<group>"; };
		1431FA45244B731E00AA2F65 /* BBZErrorMonitor.m */ = {isa = PBXFileReference; lastKnownFileType = sourcecode.c.objc; path = BBZErrorMonitor.m; sourceTree = "<group>"; };
		1431FA49244B736400AA2F65 /* JRSwizzle.h */ = {isa = PBXFileReference; fileEncoding = 4; lastKnownFileType = sourcecode.c.h; path = JRSwizzle.h; sourceTree = "<group>"; };
		1431FA4A244B736400AA2F65 /* README.markdown */ = {isa = PBXFileReference; fileEncoding = 4; lastKnownFileType = net.daringfireball.markdown; path = README.markdown; sourceTree = "<group>"; };
		1431FA4B244B736400AA2F65 /* JRSwizzle.m */ = {isa = PBXFileReference; fileEncoding = 4; lastKnownFileType = sourcecode.c.objc; path = JRSwizzle.m; sourceTree = "<group>"; };
		1431FA4E244C98F000AA2F65 /* BBZVideoTools.h */ = {isa = PBXFileReference; lastKnownFileType = sourcecode.c.h; path = BBZVideoTools.h; sourceTree = "<group>"; };
		1431FA4F244C98F000AA2F65 /* BBZVideoTools.m */ = {isa = PBXFileReference; lastKnownFileType = sourcecode.c.objc; path = BBZVideoTools.m; sourceTree = "<group>"; };
		1431FA51244C994700AA2F65 /* BBZAVAssetExportSession.h */ = {isa = PBXFileReference; lastKnownFileType = sourcecode.c.h; path = BBZAVAssetExportSession.h; sourceTree = "<group>"; };
		1431FA52244C994700AA2F65 /* BBZAVAssetExportSession.m */ = {isa = PBXFileReference; lastKnownFileType = sourcecode.c.objc; path = BBZAVAssetExportSession.m; sourceTree = "<group>"; };
		1431FA54244CB75D00AA2F65 /* NSFileManager+BBZTools.h */ = {isa = PBXFileReference; lastKnownFileType = sourcecode.c.h; path = "NSFileManager+BBZTools.h"; sourceTree = "<group>"; };
		1431FA55244CB75D00AA2F65 /* NSFileManager+BBZTools.m */ = {isa = PBXFileReference; lastKnownFileType = sourcecode.c.objc; path = "NSFileManager+BBZTools.m"; sourceTree = "<group>"; };
		1431FA5B244D7AA000AA2F65 /* BBZEngineSetting.h */ = {isa = PBXFileReference; lastKnownFileType = sourcecode.c.h; path = BBZEngineSetting.h; sourceTree = "<group>"; };
		1431FA5C244D7AA000AA2F65 /* BBZEngineSetting.m */ = {isa = PBXFileReference; lastKnownFileType = sourcecode.c.objc; path = BBZEngineSetting.m; sourceTree = "<group>"; };
		1431FA61244D804F00AA2F65 /* UIDevice+BBZ.h */ = {isa = PBXFileReference; lastKnownFileType = sourcecode.c.h; path = "UIDevice+BBZ.h"; sourceTree = "<group>"; };
		1431FA62244D804F00AA2F65 /* UIDevice+BBZ.m */ = {isa = PBXFileReference; lastKnownFileType = sourcecode.c.objc; path = "UIDevice+BBZ.m"; sourceTree = "<group>"; };
		1431FA64244D8E3000AA2F65 /* BBZVideoModel.h */ = {isa = PBXFileReference; lastKnownFileType = sourcecode.c.h; path = BBZVideoModel.h; sourceTree = "<group>"; };
		1431FA65244D8E3000AA2F65 /* BBZVideoModel.m */ = {isa = PBXFileReference; lastKnownFileType = sourcecode.c.objc; path = BBZVideoModel.m; sourceTree = "<group>"; };
		1431FA68244D930900AA2F65 /* IMG_7315.MOV */ = {isa = PBXFileReference; lastKnownFileType = video.quicktime; path = IMG_7315.MOV; sourceTree = "<group>"; };
		1431FA69244D930900AA2F65 /* IMG_7316.MOV */ = {isa = PBXFileReference; lastKnownFileType = video.quicktime; path = IMG_7316.MOV; sourceTree = "<group>"; };
		1431FA6A244D930900AA2F65 /* IMG3.MOV */ = {isa = PBXFileReference; lastKnownFileType = video.quicktime; path = IMG3.MOV; sourceTree = "<group>"; };
		1431FA6B244D930900AA2F65 /* IMG2.MOV */ = {isa = PBXFileReference; lastKnownFileType = video.quicktime; path = IMG2.MOV; sourceTree = "<group>"; };
		1431FA6C244D930900AA2F65 /* IMG_7317.HEIC */ = {isa = PBXFileReference; lastKnownFileType = file; path = IMG_7317.HEIC; sourceTree = "<group>"; };
		1431FA6D244D930900AA2F65 /* hengping.mp4 */ = {isa = PBXFileReference; lastKnownFileType = file; path = hengping.mp4; sourceTree = "<group>"; };
		1431FA74244D93FA00AA2F65 /* IMG_7306.HEIC */ = {isa = PBXFileReference; lastKnownFileType = file; path = IMG_7306.HEIC; sourceTree = "<group>"; };
		1431FA75244D93FA00AA2F65 /* IMG_7311.HEIC */ = {isa = PBXFileReference; lastKnownFileType = file; path = IMG_7311.HEIC; sourceTree = "<group>"; };
		1431FA76244D93FA00AA2F65 /* IMG_7312.HEIC */ = {isa = PBXFileReference; lastKnownFileType = file; path = IMG_7312.HEIC; sourceTree = "<group>"; };
		1431FA77244D93FA00AA2F65 /* IMG_7305.HEIC */ = {isa = PBXFileReference; lastKnownFileType = file; path = IMG_7305.HEIC; sourceTree = "<group>"; };
		1431FA7C244D981900AA2F65 /* BBZTransitionModel.h */ = {isa = PBXFileReference; lastKnownFileType = sourcecode.c.h; path = BBZTransitionModel.h; sourceTree = "<group>"; };
		1431FA7D244D981900AA2F65 /* BBZTransitionModel.m */ = {isa = PBXFileReference; lastKnownFileType = sourcecode.c.objc; path = BBZTransitionModel.m; sourceTree = "<group>"; };
		1431FA80244D9F3300AA2F65 /* BBZCompositonDirector.h */ = {isa = PBXFileReference; lastKnownFileType = sourcecode.c.h; path = BBZCompositonDirector.h; sourceTree = "<group>"; };
		1431FA81244D9F3300AA2F65 /* BBZCompositonDirector.m */ = {isa = PBXFileReference; lastKnownFileType = sourcecode.c.objc; path = BBZCompositonDirector.m; sourceTree = "<group>"; };
		1431FA83244D9F9D00AA2F65 /* BBZSchedule.h */ = {isa = PBXFileReference; lastKnownFileType = sourcecode.c.h; path = BBZSchedule.h; sourceTree = "<group>"; };
		1431FA84244D9F9D00AA2F65 /* BBZSchedule.m */ = {isa = PBXFileReference; lastKnownFileType = sourcecode.c.objc; path = BBZSchedule.m; sourceTree = "<group>"; };
		1431FA86244D9FB300AA2F65 /* BBZNode.h */ = {isa = PBXFileReference; lastKnownFileType = sourcecode.c.h; path = BBZNode.h; sourceTree = "<group>"; };
		1431FA87244D9FB300AA2F65 /* BBZNode.m */ = {isa = PBXFileReference; lastKnownFileType = sourcecode.c.objc; path = BBZNode.m; sourceTree = "<group>"; };
		1431FA89244DA21800AA2F65 /* BBZFilterLayer.h */ = {isa = PBXFileReference; lastKnownFileType = sourcecode.c.h; path = BBZFilterLayer.h; sourceTree = "<group>"; };
		1431FA8A244DA21800AA2F65 /* BBZFilterLayer.m */ = {isa = PBXFileReference; lastKnownFileType = sourcecode.c.objc; path = BBZFilterLayer.m; sourceTree = "<group>"; };
		1431FA8C244DA23A00AA2F65 /* BBZFilterMixer.h */ = {isa = PBXFileReference; lastKnownFileType = sourcecode.c.h; path = BBZFilterMixer.h; sourceTree = "<group>"; };
		1431FA8D244DA23A00AA2F65 /* BBZFilterMixer.m */ = {isa = PBXFileReference; lastKnownFileType = sourcecode.c.objc; path = BBZFilterMixer.m; sourceTree = "<group>"; };
		1431FA8F244DA3CD00AA2F65 /* BBZFilterAction.h */ = {isa = PBXFileReference; lastKnownFileType = sourcecode.c.h; path = BBZFilterAction.h; sourceTree = "<group>"; };
		1431FA90244DA3CD00AA2F65 /* BBZFilterAction.m */ = {isa = PBXFileReference; lastKnownFileType = sourcecode.c.objc; path = BBZFilterAction.m; sourceTree = "<group>"; };
		1431FA92244DA3F000AA2F65 /* BBZActionMixer.h */ = {isa = PBXFileReference; lastKnownFileType = sourcecode.c.h; path = BBZActionMixer.h; sourceTree = "<group>"; };
		1431FA93244DA3F000AA2F65 /* BBZActionMixer.m */ = {isa = PBXFileReference; lastKnownFileType = sourcecode.c.objc; path = BBZActionMixer.m; sourceTree = "<group>"; };
		1431FA95244DA42800AA2F65 /* BBZActionTree.h */ = {isa = PBXFileReference; lastKnownFileType = sourcecode.c.h; path = BBZActionTree.h; sourceTree = "<group>"; };
		1431FA96244DA42800AA2F65 /* BBZActionTree.m */ = {isa = PBXFileReference; lastKnownFileType = sourcecode.c.objc; path = BBZActionTree.m; sourceTree = "<group>"; };
		1431FA98244DA4AC00AA2F65 /* BBZAction.h */ = {isa = PBXFileReference; lastKnownFileType = sourcecode.c.h; path = BBZAction.h; sourceTree = "<group>"; };
		1431FA99244DA4AC00AA2F65 /* BBZAction.m */ = {isa = PBXFileReference; lastKnownFileType = sourcecode.c.objc; path = BBZAction.m; sourceTree = "<group>"; };
		1431FA9B244DB5C700AA2F65 /* BBZTask.h */ = {isa = PBXFileReference; lastKnownFileType = sourcecode.c.h; path = BBZTask.h; sourceTree = "<group>"; };
		1431FA9C244DB5C700AA2F65 /* BBZTask.m */ = {isa = PBXFileReference; lastKnownFileType = sourcecode.c.objc; path = BBZTask.m; sourceTree = "<group>"; };
		1431FA9E244DB5D900AA2F65 /* BBZExportTask.h */ = {isa = PBXFileReference; lastKnownFileType = sourcecode.c.h; path = BBZExportTask.h; sourceTree = "<group>"; };
		1431FA9F244DB5D900AA2F65 /* BBZExportTask.m */ = {isa = PBXFileReference; lastKnownFileType = sourcecode.c.objc; path = BBZExportTask.m; sourceTree = "<group>"; };
/* End PBXFileReference section */

/* Begin PBXFrameworksBuildPhase section */
		1426D6F2243D82BD008BEB86 /* Frameworks */ = {
			isa = PBXFrameworksBuildPhase;
			buildActionMask = 2147483647;
			files = (
				1431FA3C244B5B1D00AA2F65 /* AudioToolbox.framework in Frameworks */,
				1431FA3A244B5B0F00AA2F65 /* UIKit.framework in Frameworks */,
				1431FA38244B5B0A00AA2F65 /* Foundation.framework in Frameworks */,
				1431FA36244B5B0100AA2F65 /* VideoToolbox.framework in Frameworks */,
				1431FA34244B5ADA00AA2F65 /* Photos.framework in Frameworks */,
				1431FA32244B5ACD00AA2F65 /* OpenGLES.framework in Frameworks */,
				1431FA30244B5AC700AA2F65 /* AVFoundation.framework in Frameworks */,
			);
			runOnlyForDeploymentPostprocessing = 0;
		};
/* End PBXFrameworksBuildPhase section */

/* Begin PBXGroup section */
		1409D1B9244959850053CFA4 /* Source */ = {
			isa = PBXGroup;
			children = (
				1409D1BA244959850053CFA4 /* GPUImageBuffer.h */,
				1409D1BB244959850053CFA4 /* GPUImageMovieComposition.h */,
				1409D1BC244959850053CFA4 /* GPUImageRawDataOutput.h */,
				1409D1BD244959850053CFA4 /* GPUImageColorConversion.h */,
				1409D1BE244959850053CFA4 /* GPUImageTwoInputFilter.m */,
				1409D1BF244959850053CFA4 /* GPUImageMovie.m */,
				1409D1C0244959850053CFA4 /* GPUImageRawDataInput.h */,
				1409D1C1244959850053CFA4 /* GLProgram.m */,
				1409D1C2244959850053CFA4 /* GPUImageOutput.m */,
				1409D1C3244959850053CFA4 /* GPUImageFramebuffer.m */,
				1409D1C4244959850053CFA4 /* GPUImageFilter.h */,
				1409D1C5244959850053CFA4 /* GPUImageLookupFilter.h */,
				1409D1C6244959850053CFA4 /* GPUImageFramebufferCache.m */,
				1409D1C7244959850053CFA4 /* iOS */,
				1409D1D2244959850053CFA4 /* GPUImageTwoInputFilter.h */,
				1409D1D3244959850053CFA4 /* GPUImageColorConversion.m */,
				1409D1D4244959850053CFA4 /* GPUImageRawDataOutput.m */,
				1409D1D5244959850053CFA4 /* GPUImageMovieComposition.m */,
				1409D1D6244959850053CFA4 /* GPUImageBuffer.m */,
				1409D1D7244959850053CFA4 /* GPUImageRawDataInput.m */,
				1409D1D8244959850053CFA4 /* GPUImageMovie.h */,
				1409D1D9244959850053CFA4 /* GPUImageFramebufferCache.h */,
				1409D1DA244959850053CFA4 /* GPUImage.h */,
				1409D1DB244959850053CFA4 /* GPUImageLookupFilter.m */,
				1409D1DC244959850053CFA4 /* GPUImageFramebuffer.h */,
				1409D1DD244959850053CFA4 /* GPUImageFilter.m */,
				1409D1DE244959850053CFA4 /* GPUImageOutput.h */,
				1409D1DF244959850053CFA4 /* GLProgram.h */,
			);
			path = Source;
			sourceTree = "<group>";
		};
		1409D1C7244959850053CFA4 /* iOS */ = {
			isa = PBXGroup;
			children = (
				1409D1C8244959850053CFA4 /* GPUImageView.h */,
				1409D1C9244959850053CFA4 /* GPUImageContext.m */,
				1409D1CA244959850053CFA4 /* GPUImageMovieWriter.m */,
				1409D1CB244959850053CFA4 /* GPUImagePicture.m */,
				1409D1CC244959850053CFA4 /* GPUImagePicture+TextureSubimage.m */,
				1409D1CD244959850053CFA4 /* GPUImageContext.h */,
				1409D1CE244959850053CFA4 /* GPUImageView.m */,
				1409D1CF244959850053CFA4 /* GPUImageMovieWriter.h */,
				1409D1D0244959850053CFA4 /* GPUImagePicture.h */,
				1409D1D1244959850053CFA4 /* GPUImagePicture+TextureSubimage.h */,
			);
			path = iOS;
			sourceTree = "<group>";
		};
		1426D6EC243D82BD008BEB86 = {
			isa = PBXGroup;
			children = (
				1426D6F7243D82BD008BEB86 /* BBZVideoEngine */,
				1426D6F6243D82BD008BEB86 /* Products */,
				1431FA2E244B5AC700AA2F65 /* Frameworks */,
			);
			sourceTree = "<group>";
		};
		1426D6F6243D82BD008BEB86 /* Products */ = {
			isa = PBXGroup;
			children = (
				1426D6F5243D82BD008BEB86 /* BBZVideoEngine.app */,
			);
			name = Products;
			sourceTree = "<group>";
		};
		1426D6F7243D82BD008BEB86 /* BBZVideoEngine */ = {
			isa = PBXGroup;
			children = (
				1431FA67244D930900AA2F65 /* Resource */,
				1431FA47244B736400AA2F65 /* ThirdLib */,
				1431FA1C244B583500AA2F65 /* VideoEngine */,
				1426D717243D920C008BEB86 /* GPUImage */,
				1426D6F8243D82BD008BEB86 /* AppDelegate.h */,
				1426D6F9243D82BD008BEB86 /* AppDelegate.m */,
				1426D6FB243D82BD008BEB86 /* ViewController.h */,
				1426D6FC243D82BD008BEB86 /* ViewController.m */,
				1426D701243D82BE008BEB86 /* Assets.xcassets */,
				1426D703243D82BE008BEB86 /* LaunchScreen.storyboard */,
				1426D706243D82BE008BEB86 /* Info.plist */,
				1426D707243D82BE008BEB86 /* main.m */,
				1426D714243D90B9008BEB86 /* HomeTableViewController.h */,
				1426D715243D90B9008BEB86 /* HomeTableViewController.m */,
				1431FA3D244B68D700AA2F65 /* BBZVideoEngine-prefix.pch */,
			);
			path = BBZVideoEngine;
			sourceTree = "<group>";
		};
		1426D717243D920C008BEB86 /* GPUImage */ = {
			isa = PBXGroup;
			children = (
				1409D1B9244959850053CFA4 /* Source */,
				1409D1F2244959D40053CFA4 /* GPUImageFramebuffer+BBZ.h */,
				1409D1F3244959D40053CFA4 /* GPUImageFramebuffer+BBZ.m */,
				1431FA0F24495E5000AA2F65 /* BBZMultiImageFilter.h */,
				1431FA1024495E5000AA2F65 /* BBZMultiImageFilter.m */,
			);
			path = GPUImage;
			sourceTree = "<group>";
		};
		1431FA1C244B583500AA2F65 /* VideoEngine */ = {
			isa = PBXGroup;
			children = (
				1431FA7F244D9E7000AA2F65 /* Engine */,
				1431FA57244D4D3300AA2F65 /* Config */,
				1431FA1D244B583500AA2F65 /* Effect */,
				1431FA1E244B583500AA2F65 /* ActionBuilder */,
				1431FA1F244B583500AA2F65 /* VideoUtility */,
				1431FA20244B583500AA2F65 /* Model */,
				1431FA21244B583500AA2F65 /* Node */,
			);
			path = VideoEngine;
			sourceTree = "<group>";
		};
		1431FA1D244B583500AA2F65 /* Effect */ = {
			isa = PBXGroup;
			children = (
				1431FA8C244DA23A00AA2F65 /* BBZFilterMixer.h */,
				1431FA8D244DA23A00AA2F65 /* BBZFilterMixer.m */,
				1431FA8F244DA3CD00AA2F65 /* BBZFilterAction.h */,
				1431FA90244DA3CD00AA2F65 /* BBZFilterAction.m */,
				1431FA92244DA3F000AA2F65 /* BBZActionMixer.h */,
				1431FA93244DA3F000AA2F65 /* BBZActionMixer.m */,
				1431FA95244DA42800AA2F65 /* BBZActionTree.h */,
				1431FA96244DA42800AA2F65 /* BBZActionTree.m */,
				1431FA98244DA4AC00AA2F65 /* BBZAction.h */,
				1431FA99244DA4AC00AA2F65 /* BBZAction.m */,
			);
			path = Effect;
			sourceTree = "<group>";
		};
		1431FA1E244B583500AA2F65 /* ActionBuilder */ = {
			isa = PBXGroup;
			children = (
			);
			path = ActionBuilder;
			sourceTree = "<group>";
		};
		1431FA1F244B583500AA2F65 /* VideoUtility */ = {
			isa = PBXGroup;
			children = (
				1431FA3E244B717600AA2F65 /* BBZPhotoKit.h */,
				1431FA3F244B717600AA2F65 /* BBZPhotoKit.m */,
				1431FA41244B71EF00AA2F65 /* NSError+BBZ.h */,
				1431FA42244B71EF00AA2F65 /* NSError+BBZ.m */,
				1431FA44244B731E00AA2F65 /* BBZErrorMonitor.h */,
				1431FA45244B731E00AA2F65 /* BBZErrorMonitor.m */,
				1431FA4E244C98F000AA2F65 /* BBZVideoTools.h */,
				1431FA4F244C98F000AA2F65 /* BBZVideoTools.m */,
				1431FA51244C994700AA2F65 /* BBZAVAssetExportSession.h */,
				1431FA52244C994700AA2F65 /* BBZAVAssetExportSession.m */,
				1431FA54244CB75D00AA2F65 /* NSFileManager+BBZTools.h */,
				1431FA55244CB75D00AA2F65 /* NSFileManager+BBZTools.m */,
				1431FA61244D804F00AA2F65 /* UIDevice+BBZ.h */,
				1431FA62244D804F00AA2F65 /* UIDevice+BBZ.m */,
			);
			path = VideoUtility;
			sourceTree = "<group>";
		};
		1431FA20244B583500AA2F65 /* Model */ = {
			isa = PBXGroup;
			children = (
				1431FA22244B585B00AA2F65 /* BBZBaseAsset.h */,
				1431FA23244B585B00AA2F65 /* BBZBaseAsset.m */,
				1431FA25244B58A400AA2F65 /* BBZVideoAsset.h */,
				1431FA26244B58A400AA2F65 /* BBZVideoAsset.m */,
				1431FA28244B58B300AA2F65 /* BBZImageAsset.h */,
				1431FA29244B58B300AA2F65 /* BBZImageAsset.m */,
				1431FA2B244B58C100AA2F65 /* BBZAudioAsset.h */,
				1431FA2C244B58C100AA2F65 /* BBZAudioAsset.m */,
				1431FA64244D8E3000AA2F65 /* BBZVideoModel.h */,
				1431FA65244D8E3000AA2F65 /* BBZVideoModel.m */,
				1431FA7C244D981900AA2F65 /* BBZTransitionModel.h */,
				1431FA7D244D981900AA2F65 /* BBZTransitionModel.m */,
			);
			path = Model;
			sourceTree = "<group>";
		};
		1431FA21244B583500AA2F65 /* Node */ = {
			isa = PBXGroup;
			children = (
				1431FA86244D9FB300AA2F65 /* BBZNode.h */,
				1431FA87244D9FB300AA2F65 /* BBZNode.m */,
			);
			path = Node;
			sourceTree = "<group>";
		};
		1431FA2E244B5AC700AA2F65 /* Frameworks */ = {
			isa = PBXGroup;
			children = (
				1431FA3B244B5B1D00AA2F65 /* AudioToolbox.framework */,
				1431FA39244B5B0F00AA2F65 /* UIKit.framework */,
				1431FA37244B5B0A00AA2F65 /* Foundation.framework */,
				1431FA35244B5B0100AA2F65 /* VideoToolbox.framework */,
				1431FA33244B5ADA00AA2F65 /* Photos.framework */,
				1431FA31244B5ACD00AA2F65 /* OpenGLES.framework */,
				1431FA2F244B5AC700AA2F65 /* AVFoundation.framework */,
			);
			name = Frameworks;
			sourceTree = "<group>";
		};
		1431FA47244B736400AA2F65 /* ThirdLib */ = {
			isa = PBXGroup;
			children = (
				1431FA48244B736400AA2F65 /* JRSwizzle */,
			);
			path = ThirdLib;
			sourceTree = "<group>";
		};
		1431FA48244B736400AA2F65 /* JRSwizzle */ = {
			isa = PBXGroup;
			children = (
				1431FA49244B736400AA2F65 /* JRSwizzle.h */,
				1431FA4A244B736400AA2F65 /* README.markdown */,
				1431FA4B244B736400AA2F65 /* JRSwizzle.m */,
			);
			path = JRSwizzle;
			sourceTree = "<group>";
		};
		1431FA57244D4D3300AA2F65 /* Config */ = {
			isa = PBXGroup;
			children = (
				1431FA5B244D7AA000AA2F65 /* BBZEngineSetting.h */,
				1431FA5C244D7AA000AA2F65 /* BBZEngineSetting.m */,
			);
			path = Config;
			sourceTree = "<group>";
		};
		1431FA67244D930900AA2F65 /* Resource */ = {
			isa = PBXGroup;
			children = (
				1431FA77244D93FA00AA2F65 /* IMG_7305.HEIC */,
				1431FA74244D93FA00AA2F65 /* IMG_7306.HEIC */,
				1431FA75244D93FA00AA2F65 /* IMG_7311.HEIC */,
				1431FA76244D93FA00AA2F65 /* IMG_7312.HEIC */,
				1431FA68244D930900AA2F65 /* IMG_7315.MOV */,
				1431FA69244D930900AA2F65 /* IMG_7316.MOV */,
				1431FA6A244D930900AA2F65 /* IMG3.MOV */,
				1431FA6B244D930900AA2F65 /* IMG2.MOV */,
				1431FA6C244D930900AA2F65 /* IMG_7317.HEIC */,
				1431FA6D244D930900AA2F65 /* hengping.mp4 */,
			);
			path = Resource;
			sourceTree = "<group>";
		};
		1431FA7F244D9E7000AA2F65 /* Engine */ = {
			isa = PBXGroup;
			children = (
				1431FA80244D9F3300AA2F65 /* BBZCompositonDirector.h */,
				1431FA81244D9F3300AA2F65 /* BBZCompositonDirector.m */,
				1431FA83244D9F9D00AA2F65 /* BBZSchedule.h */,
				1431FA84244D9F9D00AA2F65 /* BBZSchedule.m */,
				1431FA89244DA21800AA2F65 /* BBZFilterLayer.h */,
				1431FA8A244DA21800AA2F65 /* BBZFilterLayer.m */,
				1431FA9B244DB5C700AA2F65 /* BBZTask.h */,
				1431FA9C244DB5C700AA2F65 /* BBZTask.m */,
				1431FA9E244DB5D900AA2F65 /* BBZExportTask.h */,
				1431FA9F244DB5D900AA2F65 /* BBZExportTask.m */,
			);
			path = Engine;
			sourceTree = "<group>";
		};
/* End PBXGroup section */

/* Begin PBXNativeTarget section */
		1426D6F4243D82BD008BEB86 /* BBZVideoEngine */ = {
			isa = PBXNativeTarget;
			buildConfigurationList = 1426D70B243D82BE008BEB86 /* Build configuration list for PBXNativeTarget "BBZVideoEngine" */;
			buildPhases = (
				1426D6F1243D82BD008BEB86 /* Sources */,
				1426D6F2243D82BD008BEB86 /* Frameworks */,
				1426D6F3243D82BD008BEB86 /* Resources */,
			);
			buildRules = (
			);
			dependencies = (
			);
			name = BBZVideoEngine;
			productName = BBZVideoEngine;
			productReference = 1426D6F5243D82BD008BEB86 /* BBZVideoEngine.app */;
			productType = "com.apple.product-type.application";
		};
/* End PBXNativeTarget section */

/* Begin PBXProject section */
		1426D6ED243D82BD008BEB86 /* Project object */ = {
			isa = PBXProject;
			attributes = {
				CLASSPREFIX = BBZ;
				LastUpgradeCheck = 1000;
				ORGANIZATIONNAME = BBZ;
				TargetAttributes = {
					1426D6F4243D82BD008BEB86 = {
						CreatedOnToolsVersion = 10.0;
					};
				};
			};
			buildConfigurationList = 1426D6F0243D82BD008BEB86 /* Build configuration list for PBXProject "BBZVideoEngine" */;
			compatibilityVersion = "Xcode 9.3";
			developmentRegion = en;
			hasScannedForEncodings = 0;
			knownRegions = (
				en,
				Base,
			);
			mainGroup = 1426D6EC243D82BD008BEB86;
			productRefGroup = 1426D6F6243D82BD008BEB86 /* Products */;
			projectDirPath = "";
			projectRoot = "";
			targets = (
				1426D6F4243D82BD008BEB86 /* BBZVideoEngine */,
			);
		};
/* End PBXProject section */

/* Begin PBXResourcesBuildPhase section */
		1426D6F3243D82BD008BEB86 /* Resources */ = {
			isa = PBXResourcesBuildPhase;
			buildActionMask = 2147483647;
			files = (
				1431FA78244D93FA00AA2F65 /* IMG_7306.HEIC in Resources */,
				1431FA7B244D93FA00AA2F65 /* IMG_7305.HEIC in Resources */,
				1431FA7A244D93FA00AA2F65 /* IMG_7312.HEIC in Resources */,
				1431FA71244D930900AA2F65 /* IMG2.MOV in Resources */,
				1431FA79244D93FA00AA2F65 /* IMG_7311.HEIC in Resources */,
				1431FA70244D930900AA2F65 /* IMG3.MOV in Resources */,
				1431FA72244D930900AA2F65 /* IMG_7317.HEIC in Resources */,
				1431FA6E244D930900AA2F65 /* IMG_7315.MOV in Resources */,
				1431FA6F244D930900AA2F65 /* IMG_7316.MOV in Resources */,
				1431FA73244D930900AA2F65 /* hengping.mp4 in Resources */,
				1426D705243D82BE008BEB86 /* LaunchScreen.storyboard in Resources */,
				1426D702243D82BE008BEB86 /* Assets.xcassets in Resources */,
				1431FA4C244B736400AA2F65 /* README.markdown in Resources */,
			);
			runOnlyForDeploymentPostprocessing = 0;
		};
/* End PBXResourcesBuildPhase section */

/* Begin PBXSourcesBuildPhase section */
		1426D6F1243D82BD008BEB86 /* Sources */ = {
			isa = PBXSourcesBuildPhase;
			buildActionMask = 2147483647;
			files = (
				1409D1F4244959D40053CFA4 /* GPUImageFramebuffer+BBZ.m in Sources */,
				1409D1E9244959850053CFA4 /* GPUImagePicture+TextureSubimage.m in Sources */,
				1431FA2D244B58C100AA2F65 /* BBZAudioAsset.m in Sources */,
				1431FA1124495E5000AA2F65 /* BBZMultiImageFilter.m in Sources */,
				1409D1E7244959850053CFA4 /* GPUImageMovieWriter.m in Sources */,
				1409D1EE244959850053CFA4 /* GPUImageBuffer.m in Sources */,
				1409D1E4244959850053CFA4 /* GPUImageFramebuffer.m in Sources */,
				1431FA82244D9F3300AA2F65 /* BBZCompositonDirector.m in Sources */,
				1409D1EF244959850053CFA4 /* GPUImageRawDataInput.m in Sources */,
				1431FA43244B71EF00AA2F65 /* NSError+BBZ.m in Sources */,
				1409D1E5244959850053CFA4 /* GPUImageFramebufferCache.m in Sources */,
				1409D1E2244959850053CFA4 /* GLProgram.m in Sources */,
				1409D1EA244959850053CFA4 /* GPUImageView.m in Sources */,
				1431FA63244D804F00AA2F65 /* UIDevice+BBZ.m in Sources */,
				1409D1ED244959850053CFA4 /* GPUImageMovieComposition.m in Sources */,
				1426D716243D90B9008BEB86 /* HomeTableViewController.m in Sources */,
				1431FA8E244DA23A00AA2F65 /* BBZFilterMixer.m in Sources */,
				1426D6FD243D82BD008BEB86 /* ViewController.m in Sources */,
				1409D1EB244959850053CFA4 /* GPUImageColorConversion.m in Sources */,
				1409D1E8244959850053CFA4 /* GPUImagePicture.m in Sources */,
				1431FA94244DA3F000AA2F65 /* BBZActionMixer.m in Sources */,
				1409D1F0244959850053CFA4 /* GPUImageLookupFilter.m in Sources */,
				1409D1E6244959850053CFA4 /* GPUImageContext.m in Sources */,
				1431FA27244B58A400AA2F65 /* BBZVideoAsset.m in Sources */,
				1431FA2A244B58B300AA2F65 /* BBZImageAsset.m in Sources */,
				1431FA53244C994700AA2F65 /* BBZAVAssetExportSession.m in Sources */,
				1409D1E3244959850053CFA4 /* GPUImageOutput.m in Sources */,
				1431FA7E244D981900AA2F65 /* BBZTransitionModel.m in Sources */,
				1431FA88244D9FB300AA2F65 /* BBZNode.m in Sources */,
				1426D708243D82BE008BEB86 /* main.m in Sources */,
				1431FA85244D9F9D00AA2F65 /* BBZSchedule.m in Sources */,
				1431FA56244CB75D00AA2F65 /* NSFileManager+BBZTools.m in Sources */,
				1431FA50244C98F000AA2F65 /* BBZVideoTools.m in Sources */,
				1431FAA0244DB5D900AA2F65 /* BBZExportTask.m in Sources */,
				1431FA8B244DA21900AA2F65 /* BBZFilterLayer.m in Sources */,
				1431FA9A244DA4AC00AA2F65 /* BBZAction.m in Sources */,
				1409D1EC244959850053CFA4 /* GPUImageRawDataOutput.m in Sources */,
				1431FA9D244DB5C700AA2F65 /* BBZTask.m in Sources */,
				1409D1E1244959850053CFA4 /* GPUImageMovie.m in Sources */,
				1431FA97244DA42800AA2F65 /* BBZActionTree.m in Sources */,
				1431FA46244B731E00AA2F65 /* BBZErrorMonitor.m in Sources */,
				1431FA4D244B736400AA2F65 /* JRSwizzle.m in Sources */,
				1431FA40244B717600AA2F65 /* BBZPhotoKit.m in Sources */,
				1431FA5D244D7AA000AA2F65 /* BBZEngineSetting.m in Sources */,
				1431FA24244B585B00AA2F65 /* BBZBaseAsset.m in Sources */,
				1431FA91244DA3CD00AA2F65 /* BBZFilterAction.m in Sources */,
				1409D1E0244959850053CFA4 /* GPUImageTwoInputFilter.m in Sources */,
				1409D1F1244959850053CFA4 /* GPUImageFilter.m in Sources */,
				1431FA66244D8E3000AA2F65 /* BBZVideoModel.m in Sources */,
				1426D6FA243D82BD008BEB86 /* AppDelegate.m in Sources */,
			);
			runOnlyForDeploymentPostprocessing = 0;
		};
/* End PBXSourcesBuildPhase section */

/* Begin PBXVariantGroup section */
		1426D703243D82BE008BEB86 /* LaunchScreen.storyboard */ = {
			isa = PBXVariantGroup;
			children = (
				1426D704243D82BE008BEB86 /* Base */,
			);
			name = LaunchScreen.storyboard;
			sourceTree = "<group>";
		};
/* End PBXVariantGroup section */

/* Begin XCBuildConfiguration section */
		1426D709243D82BE008BEB86 /* Debug */ = {
			isa = XCBuildConfiguration;
			buildSettings = {
				ALWAYS_SEARCH_USER_PATHS = NO;
				CLANG_ANALYZER_NONNULL = YES;
				CLANG_ANALYZER_NUMBER_OBJECT_CONVERSION = YES_AGGRESSIVE;
				CLANG_CXX_LANGUAGE_STANDARD = "gnu++14";
				CLANG_CXX_LIBRARY = "libc++";
				CLANG_ENABLE_MODULES = YES;
				CLANG_ENABLE_OBJC_ARC = YES;
				CLANG_ENABLE_OBJC_WEAK = YES;
				CLANG_WARN_BLOCK_CAPTURE_AUTORELEASING = YES;
				CLANG_WARN_BOOL_CONVERSION = YES;
				CLANG_WARN_COMMA = YES;
				CLANG_WARN_CONSTANT_CONVERSION = YES;
				CLANG_WARN_DEPRECATED_OBJC_IMPLEMENTATIONS = YES;
				CLANG_WARN_DIRECT_OBJC_ISA_USAGE = YES_ERROR;
				CLANG_WARN_DOCUMENTATION_COMMENTS = YES;
				CLANG_WARN_EMPTY_BODY = YES;
				CLANG_WARN_ENUM_CONVERSION = YES;
				CLANG_WARN_INFINITE_RECURSION = YES;
				CLANG_WARN_INT_CONVERSION = YES;
				CLANG_WARN_NON_LITERAL_NULL_CONVERSION = YES;
				CLANG_WARN_OBJC_IMPLICIT_RETAIN_SELF = YES;
				CLANG_WARN_OBJC_LITERAL_CONVERSION = YES;
				CLANG_WARN_OBJC_ROOT_CLASS = YES_ERROR;
				CLANG_WARN_RANGE_LOOP_ANALYSIS = YES;
				CLANG_WARN_STRICT_PROTOTYPES = YES;
				CLANG_WARN_SUSPICIOUS_MOVE = YES;
				CLANG_WARN_UNGUARDED_AVAILABILITY = YES_AGGRESSIVE;
				CLANG_WARN_UNREACHABLE_CODE = YES;
				CLANG_WARN__DUPLICATE_METHOD_MATCH = YES;
				CODE_SIGN_IDENTITY = "iPhone Developer";
				COPY_PHASE_STRIP = NO;
				DEBUG_INFORMATION_FORMAT = dwarf;
				ENABLE_STRICT_OBJC_MSGSEND = YES;
				ENABLE_TESTABILITY = YES;
				GCC_C_LANGUAGE_STANDARD = gnu11;
				GCC_DYNAMIC_NO_PIC = NO;
				GCC_NO_COMMON_BLOCKS = YES;
				GCC_OPTIMIZATION_LEVEL = 0;
				GCC_PREPROCESSOR_DEFINITIONS = (
					"DEBUG=1",
					"$(inherited)",
				);
				GCC_WARN_64_TO_32_BIT_CONVERSION = YES;
				GCC_WARN_ABOUT_RETURN_TYPE = YES_ERROR;
				GCC_WARN_UNDECLARED_SELECTOR = YES;
				GCC_WARN_UNINITIALIZED_AUTOS = YES_AGGRESSIVE;
				GCC_WARN_UNUSED_FUNCTION = YES;
				GCC_WARN_UNUSED_VARIABLE = YES;
				IPHONEOS_DEPLOYMENT_TARGET = 12.0;
				MTL_ENABLE_DEBUG_INFO = INCLUDE_SOURCE;
				MTL_FAST_MATH = YES;
				ONLY_ACTIVE_ARCH = YES;
				SDKROOT = iphoneos;
			};
			name = Debug;
		};
		1426D70A243D82BE008BEB86 /* Release */ = {
			isa = XCBuildConfiguration;
			buildSettings = {
				ALWAYS_SEARCH_USER_PATHS = NO;
				CLANG_ANALYZER_NONNULL = YES;
				CLANG_ANALYZER_NUMBER_OBJECT_CONVERSION = YES_AGGRESSIVE;
				CLANG_CXX_LANGUAGE_STANDARD = "gnu++14";
				CLANG_CXX_LIBRARY = "libc++";
				CLANG_ENABLE_MODULES = YES;
				CLANG_ENABLE_OBJC_ARC = YES;
				CLANG_ENABLE_OBJC_WEAK = YES;
				CLANG_WARN_BLOCK_CAPTURE_AUTORELEASING = YES;
				CLANG_WARN_BOOL_CONVERSION = YES;
				CLANG_WARN_COMMA = YES;
				CLANG_WARN_CONSTANT_CONVERSION = YES;
				CLANG_WARN_DEPRECATED_OBJC_IMPLEMENTATIONS = YES;
				CLANG_WARN_DIRECT_OBJC_ISA_USAGE = YES_ERROR;
				CLANG_WARN_DOCUMENTATION_COMMENTS = YES;
				CLANG_WARN_EMPTY_BODY = YES;
				CLANG_WARN_ENUM_CONVERSION = YES;
				CLANG_WARN_INFINITE_RECURSION = YES;
				CLANG_WARN_INT_CONVERSION = YES;
				CLANG_WARN_NON_LITERAL_NULL_CONVERSION = YES;
				CLANG_WARN_OBJC_IMPLICIT_RETAIN_SELF = YES;
				CLANG_WARN_OBJC_LITERAL_CONVERSION = YES;
				CLANG_WARN_OBJC_ROOT_CLASS = YES_ERROR;
				CLANG_WARN_RANGE_LOOP_ANALYSIS = YES;
				CLANG_WARN_STRICT_PROTOTYPES = YES;
				CLANG_WARN_SUSPICIOUS_MOVE = YES;
				CLANG_WARN_UNGUARDED_AVAILABILITY = YES_AGGRESSIVE;
				CLANG_WARN_UNREACHABLE_CODE = YES;
				CLANG_WARN__DUPLICATE_METHOD_MATCH = YES;
				CODE_SIGN_IDENTITY = "iPhone Developer";
				COPY_PHASE_STRIP = NO;
				DEBUG_INFORMATION_FORMAT = "dwarf-with-dsym";
				ENABLE_NS_ASSERTIONS = NO;
				ENABLE_STRICT_OBJC_MSGSEND = YES;
				GCC_C_LANGUAGE_STANDARD = gnu11;
				GCC_NO_COMMON_BLOCKS = YES;
				GCC_WARN_64_TO_32_BIT_CONVERSION = YES;
				GCC_WARN_ABOUT_RETURN_TYPE = YES_ERROR;
				GCC_WARN_UNDECLARED_SELECTOR = YES;
				GCC_WARN_UNINITIALIZED_AUTOS = YES_AGGRESSIVE;
				GCC_WARN_UNUSED_FUNCTION = YES;
				GCC_WARN_UNUSED_VARIABLE = YES;
				IPHONEOS_DEPLOYMENT_TARGET = 12.0;
				MTL_ENABLE_DEBUG_INFO = NO;
				MTL_FAST_MATH = YES;
				SDKROOT = iphoneos;
				VALIDATE_PRODUCT = YES;
			};
			name = Release;
		};
		1426D70C243D82BE008BEB86 /* Debug */ = {
			isa = XCBuildConfiguration;
			buildSettings = {
				ASSETCATALOG_COMPILER_APPICON_NAME = AppIcon;
				CODE_SIGN_STYLE = Automatic;
				DEVELOPMENT_TEAM = UB6H7XT56R;
				GCC_PREFIX_HEADER = "BBZVideoEngine/BBZVideoEngine-prefix.pch";
				INFOPLIST_FILE = BBZVideoEngine/Info.plist;
				IPHONEOS_DEPLOYMENT_TARGET = 10.3;
				LD_RUNPATH_SEARCH_PATHS = (
					"$(inherited)",
					"@executable_path/Frameworks",
				);
				PRODUCT_BUNDLE_IDENTIFIER = com.hao.ye.test2;
				PRODUCT_NAME = "$(TARGET_NAME)";
				TARGETED_DEVICE_FAMILY = "1,2";
			};
			name = Debug;
		};
		1426D70D243D82BE008BEB86 /* Release */ = {
			isa = XCBuildConfiguration;
			buildSettings = {
				ASSETCATALOG_COMPILER_APPICON_NAME = AppIcon;
				CODE_SIGN_STYLE = Automatic;
				DEVELOPMENT_TEAM = UB6H7XT56R;
				GCC_PREFIX_HEADER = "BBZVideoEngine/BBZVideoEngine-prefix.pch";
				INFOPLIST_FILE = BBZVideoEngine/Info.plist;
				IPHONEOS_DEPLOYMENT_TARGET = 10.3;
				LD_RUNPATH_SEARCH_PATHS = (
					"$(inherited)",
					"@executable_path/Frameworks",
				);
				PRODUCT_BUNDLE_IDENTIFIER = com.hao.ye.test2;
				PRODUCT_NAME = "$(TARGET_NAME)";
				TARGETED_DEVICE_FAMILY = "1,2";
			};
			name = Release;
		};
/* End XCBuildConfiguration section */

/* Begin XCConfigurationList section */
		1426D6F0243D82BD008BEB86 /* Build configuration list for PBXProject "BBZVideoEngine" */ = {
			isa = XCConfigurationList;
			buildConfigurations = (
				1426D709243D82BE008BEB86 /* Debug */,
				1426D70A243D82BE008BEB86 /* Release */,
			);
			defaultConfigurationIsVisible = 0;
			defaultConfigurationName = Release;
		};
		1426D70B243D82BE008BEB86 /* Build configuration list for PBXNativeTarget "BBZVideoEngine" */ = {
			isa = XCConfigurationList;
			buildConfigurations = (
				1426D70C243D82BE008BEB86 /* Debug */,
				1426D70D243D82BE008BEB86 /* Release */,
			);
			defaultConfigurationIsVisible = 0;
			defaultConfigurationName = Release;
		};
/* End XCConfigurationList section */
	};
	rootObject = 1426D6ED243D82BD008BEB86 /* Project object */;
}
